
Microsoft Visual Studio Solution File, Format Version 12.00
# Visual Studio Version 17
VisualStudioVersion = 17.14.36414.22
MinimumVisualStudioVersion = 10.0.40219.1
Project("{FAE04EC0-301F-11D3-BF4B-00C04F79EFBC}") = "WebAppRegistration", "WebAppRegistration\WebAppRegistration.csproj", "{EDC1829F-5770-4FBF-9B3D-14D5F98D6ACC}"
EndProject
Global
	GlobalSection(SolutionConfigurationPlatforms) = preSolution
		Debug|Any CPU = Debug|Any CPU
		Release|Any CPU = Release|Any CPU
	EndGlobalSection
	GlobalSection(ProjectConfigurationPlatforms) = postSolution
		{EDC1829F-5770-4FBF-9B3D-14D5F98D6ACC}.Debug|Any CPU.ActiveCfg = Debug|Any CPU
		{EDC1829F-5770-4FBF-9B3D-14D5F98D6ACC}.Debug|Any CPU.Build.0 = Debug|Any CPU
		{EDC1829F-5770-4FBF-9B3D-14D5F98D6ACC}.Release|Any CPU.ActiveCfg = Release|Any CPU
		{EDC1829F-5770-4FBF-9B3D-14D5F98D6ACC}.Release|Any CPU.Build.0 = Release|Any CPU
	EndGlobalSection
	GlobalSection(SolutionProperties) = preSolution
		HideSolutionNode = FALSE
	EndGlobalSection
	GlobalSection(ExtensibilityGlobals) = postSolution
		SolutionGuid = {B97784C2-41A2-423E-8AD4-B1E6DB56BA47}
	EndGlobalSection
EndGlobal
